
Microsoft Visual Studio Solution File, Format Version 12.00
# Visual Studio Version 17
VisualStudioVersion = 17.2.32630.192
MinimumVisualStudioVersion = 10.0.40219.1
Project("{FAE04EC0-301F-11D3-BF4B-00C04F79EFBC}") = "StudentMVC", "StudentMVC\StudentMVC.csproj", "{DD912F42-FAC2-4EC6-9215-5E0A527602F0}"
EndProject
Global
	GlobalSection(SolutionConfigurationPlatforms) = preSolution
		Debug|Any CPU = Debug|Any CPU
		Release|Any CPU = Release|Any CPU
	EndGlobalSection
	GlobalSection(ProjectConfigurationPlatforms) = postSolution
		{DD912F42-FAC2-4EC6-9215-5E0A527602F0}.Debug|Any CPU.ActiveCfg = Debug|Any CPU
		{DD912F42-FAC2-4EC6-9215-5E0A527602F0}.Debug|Any CPU.Build.0 = Debug|Any CPU
		{DD912F42-FAC2-4EC6-9215-5E0A527602F0}.Release|Any CPU.ActiveCfg = Release|Any CPU
		{DD912F42-FAC2-4EC6-9215-5E0A527602F0}.Release|Any CPU.Build.0 = Release|Any CPU
	EndGlobalSection
	GlobalSection(SolutionProperties) = preSolution
		HideSolutionNode = FALSE
	EndGlobalSection
	GlobalSection(ExtensibilityGlobals) = postSolution
		SolutionGuid = {F3EB73EF-9C15-402A-B144-130CA0336592}
	EndGlobalSection
EndGlobal
