
Microsoft Visual Studio Solution File, Format Version 12.00
# Visual Studio Version 17
VisualStudioVersion = 17.1.32328.378
MinimumVisualStudioVersion = 10.0.40219.1
Project("{9A19103F-16F7-4668-BE54-9A1E7A4F7556}") = "FirstApp", "FirstApp\FirstApp.csproj", "{2FC639D6-9C99-40DA-A0FD-C889A0C8E803}"
EndProject
Project("{9A19103F-16F7-4668-BE54-9A1E7A4F7556}") = "CSharpBasics", "CSharpBasics\CSharpBasics.csproj", "{8ED03BDA-40DE-4FA5-B19F-D411BF012411}"
EndProject
Project("{9A19103F-16F7-4668-BE54-9A1E7A4F7556}") = "DataStructures", "DataStructures\DataStructures.csproj", "{82BB1D98-445F-4626-9219-20D98421501D}"
EndProject
Project("{9A19103F-16F7-4668-BE54-9A1E7A4F7556}") = "CSharpPractice", "CSharpPractice\CSharpPractice.csproj", "{7093F2CA-16A4-43DE-A117-18EBED8D6C46}"
EndProject
Project("{9A19103F-16F7-4668-BE54-9A1E7A4F7556}") = "OopsUsingCSharp", "OopsUsingCSharp\OopsUsingCSharp.csproj", "{779A3E47-B0A1-4E04-8947-2DAFE3FD4601}"
EndProject
Project("{9A19103F-16F7-4668-BE54-9A1E7A4F7556}") = "OopsProject", "OopsProject\OopsProject.csproj", "{2AFB726E-4B7B-4612-B952-4BB4A1F27BB4}"
EndProject
Project("{9A19103F-16F7-4668-BE54-9A1E7A4F7556}") = "DesignPatterns", "DesignPatterns\DesignPatterns.csproj", "{0E9BA8BE-70C7-483C-8717-730F101996DA}"
EndProject
Project("{9A19103F-16F7-4668-BE54-9A1E7A4F7556}") = "WiproExtensions", "WiproExtensions\WiproExtensions.csproj", "{C59E89A6-A0D7-49FE-A9B1-2572BDCFA3F0}"
EndProject
Project("{9092AA53-FB77-4645-B42D-1CCCA6BD08BD}") = "JavaScriptPractice", "JavaScriptPractice\JavaScriptPractice.njsproj", "{679834BC-928B-44CD-A56B-B8034254246D}"
EndProject
Global
	GlobalSection(SolutionConfigurationPlatforms) = preSolution
		Debug|Any CPU = Debug|Any CPU
		Release|Any CPU = Release|Any CPU
	EndGlobalSection
	GlobalSection(ProjectConfigurationPlatforms) = postSolution
		{2FC639D6-9C99-40DA-A0FD-C889A0C8E803}.Debug|Any CPU.ActiveCfg = Debug|Any CPU
		{2FC639D6-9C99-40DA-A0FD-C889A0C8E803}.Debug|Any CPU.Build.0 = Debug|Any CPU
		{2FC639D6-9C99-40DA-A0FD-C889A0C8E803}.Release|Any CPU.ActiveCfg = Release|Any CPU
		{2FC639D6-9C99-40DA-A0FD-C889A0C8E803}.Release|Any CPU.Build.0 = Release|Any CPU
		{8ED03BDA-40DE-4FA5-B19F-D411BF012411}.Debug|Any CPU.ActiveCfg = Debug|Any CPU
		{8ED03BDA-40DE-4FA5-B19F-D411BF012411}.Debug|Any CPU.Build.0 = Debug|Any CPU
		{8ED03BDA-40DE-4FA5-B19F-D411BF012411}.Release|Any CPU.ActiveCfg = Release|Any CPU
		{8ED03BDA-40DE-4FA5-B19F-D411BF012411}.Release|Any CPU.Build.0 = Release|Any CPU
		{82BB1D98-445F-4626-9219-20D98421501D}.Debug|Any CPU.ActiveCfg = Debug|Any CPU
		{82BB1D98-445F-4626-9219-20D98421501D}.Debug|Any CPU.Build.0 = Debug|Any CPU
		{82BB1D98-445F-4626-9219-20D98421501D}.Release|Any CPU.ActiveCfg = Release|Any CPU
		{82BB1D98-445F-4626-9219-20D98421501D}.Release|Any CPU.Build.0 = Release|Any CPU
		{7093F2CA-16A4-43DE-A117-18EBED8D6C46}.Debug|Any CPU.ActiveCfg = Debug|Any CPU
		{7093F2CA-16A4-43DE-A117-18EBED8D6C46}.Debug|Any CPU.Build.0 = Debug|Any CPU
		{7093F2CA-16A4-43DE-A117-18EBED8D6C46}.Release|Any CPU.ActiveCfg = Release|Any CPU
		{7093F2CA-16A4-43DE-A117-18EBED8D6C46}.Release|Any CPU.Build.0 = Release|Any CPU
		{779A3E47-B0A1-4E04-8947-2DAFE3FD4601}.Debug|Any CPU.ActiveCfg = Debug|Any CPU
		{779A3E47-B0A1-4E04-8947-2DAFE3FD4601}.Debug|Any CPU.Build.0 = Debug|Any CPU
		{779A3E47-B0A1-4E04-8947-2DAFE3FD4601}.Release|Any CPU.ActiveCfg = Release|Any CPU
		{779A3E47-B0A1-4E04-8947-2DAFE3FD4601}.Release|Any CPU.Build.0 = Release|Any CPU
		{2AFB726E-4B7B-4612-B952-4BB4A1F27BB4}.Debug|Any CPU.ActiveCfg = Debug|Any CPU
		{2AFB726E-4B7B-4612-B952-4BB4A1F27BB4}.Debug|Any CPU.Build.0 = Debug|Any CPU
		{2AFB726E-4B7B-4612-B952-4BB4A1F27BB4}.Release|Any CPU.ActiveCfg = Release|Any CPU
		{2AFB726E-4B7B-4612-B952-4BB4A1F27BB4}.Release|Any CPU.Build.0 = Release|Any CPU
		{0E9BA8BE-70C7-483C-8717-730F101996DA}.Debug|Any CPU.ActiveCfg = Debug|Any CPU
		{0E9BA8BE-70C7-483C-8717-730F101996DA}.Debug|Any CPU.Build.0 = Debug|Any CPU
		{0E9BA8BE-70C7-483C-8717-730F101996DA}.Release|Any CPU.ActiveCfg = Release|Any CPU
		{0E9BA8BE-70C7-483C-8717-730F101996DA}.Release|Any CPU.Build.0 = Release|Any CPU
		{C59E89A6-A0D7-49FE-A9B1-2572BDCFA3F0}.Debug|Any CPU.ActiveCfg = Debug|Any CPU
		{C59E89A6-A0D7-49FE-A9B1-2572BDCFA3F0}.Debug|Any CPU.Build.0 = Debug|Any CPU
		{C59E89A6-A0D7-49FE-A9B1-2572BDCFA3F0}.Release|Any CPU.ActiveCfg = Release|Any CPU
		{C59E89A6-A0D7-49FE-A9B1-2572BDCFA3F0}.Release|Any CPU.Build.0 = Release|Any CPU
		{679834BC-928B-44CD-A56B-B8034254246D}.Debug|Any CPU.ActiveCfg = Debug|Any CPU
		{679834BC-928B-44CD-A56B-B8034254246D}.Debug|Any CPU.Build.0 = Debug|Any CPU
		{679834BC-928B-44CD-A56B-B8034254246D}.Release|Any CPU.ActiveCfg = Release|Any CPU
		{679834BC-928B-44CD-A56B-B8034254246D}.Release|Any CPU.Build.0 = Release|Any CPU
	EndGlobalSection
	GlobalSection(SolutionProperties) = preSolution
		HideSolutionNode = FALSE
	EndGlobalSection
	GlobalSection(ExtensibilityGlobals) = postSolution
		SolutionGuid = {240240A9-F809-4F27-8FD8-5B955DAF2FF6}
	EndGlobalSection
EndGlobal
